
Microsoft Visual Studio Solution File, Format Version 12.00
# Visual Studio Version 17
VisualStudioVersion = 17.7.34031.279
MinimumVisualStudioVersion = 10.0.40219.1
Project("{FAE04EC0-301F-11D3-BF4B-00C04F79EFBC}") = "Events_Practice", "Events_Practice.csproj", "{83FFC874-E162-4993-8D3A-F11A73DFD01E}"
EndProject
Global
	GlobalSection(SolutionConfigurationPlatforms) = preSolution
		Debug|Any CPU = Debug|Any CPU
		Release|Any CPU = Release|Any CPU
	EndGlobalSection
	GlobalSection(ProjectConfigurationPlatforms) = postSolution
		{83FFC874-E162-4993-8D3A-F11A73DFD01E}.Debug|Any CPU.ActiveCfg = Debug|Any CPU
		{83FFC874-E162-4993-8D3A-F11A73DFD01E}.Debug|Any CPU.Build.0 = Debug|Any CPU
		{83FFC874-E162-4993-8D3A-F11A73DFD01E}.Release|Any CPU.ActiveCfg = Release|Any CPU
		{83FFC874-E162-4993-8D3A-F11A73DFD01E}.Release|Any CPU.Build.0 = Release|Any CPU
	EndGlobalSection
	GlobalSection(SolutionProperties) = preSolution
		HideSolutionNode = FALSE
	EndGlobalSection
	GlobalSection(ExtensibilityGlobals) = postSolution
		SolutionGuid = {C4E9D831-9E7C-488A-A2E3-C6284BEE4739}
	EndGlobalSection
EndGlobal
